
Microsoft Visual Studio Solution File, Format Version 12.00
# Visual Studio 15
Project("{FAE04EC0-301F-11D3-BF4B-00C04F79EFBC}") = "UnityEngine.TestRunner", "UnityEngine.TestRunner.csproj", "{28C65BD6-89C1-F93E-66C0-015D2922EC08}"
EndProject
Project("{FAE04EC0-301F-11D3-BF4B-00C04F79EFBC}") = "UnityEngine.UI", "UnityEngine.UI.csproj", "{037E4722-275A-8383-EDFB-0AFE2D4ABAE4}"
EndProject
Project("{FAE04EC0-301F-11D3-BF4B-00C04F79EFBC}") = "Unity.VisualScripting.Flow", "Unity.VisualScripting.Flow.csproj", "{9CB38DBE-B502-00EE-E5C4-6853339A0658}"
EndProject
Project("{FAE04EC0-301F-11D3-BF4B-00C04F79EFBC}") = "Unity.VisualScripting.State", "Unity.VisualScripting.State.csproj", "{BB6F7C14-3122-B490-A8F3-3815BC94AE9C}"
EndProject
Project("{FAE04EC0-301F-11D3-BF4B-00C04F79EFBC}") = "Unity.VisualScripting.Core", "Unity.VisualScripting.Core.csproj", "{2B0315F9-E943-AFF9-83D7-8CE2BE9A62AF}"
EndProject
Project("{FAE04EC0-301F-11D3-BF4B-00C04F79EFBC}") = "Unity.TextMeshPro", "Unity.TextMeshPro.csproj", "{07972786-71DB-169E-266B-7A8F368B743C}"
EndProject
Project("{FAE04EC0-301F-11D3-BF4B-00C04F79EFBC}") = "Unity.Timeline", "Unity.Timeline.csproj", "{623B94AA-BA05-B2D7-8F8D-AD22F238345E}"
EndProject
Project("{FAE04EC0-301F-11D3-BF4B-00C04F79EFBC}") = "com.virnect.track", "com.virnect.track.csproj", "{C4293EAB-E655-A3DA-5C4A-7FEFDA77F99C}"
EndProject
Project("{FAE04EC0-301F-11D3-BF4B-00C04F79EFBC}") = "Unity.PlasticSCM.Editor", "Unity.PlasticSCM.Editor.csproj", "{7EAC1213-4B87-8451-6F56-73447E4943D0}"
EndProject
Project("{FAE04EC0-301F-11D3-BF4B-00C04F79EFBC}") = "Unity.VisualScripting.Core.Editor", "Unity.VisualScripting.Core.Editor.csproj", "{95C0A920-3A71-3110-54F9-E7508E1E3489}"
EndProject
Project("{FAE04EC0-301F-11D3-BF4B-00C04F79EFBC}") = "Unity.VisualScripting.Flow.Editor", "Unity.VisualScripting.Flow.Editor.csproj", "{E4AF5111-4141-B46D-0EBE-350FED774E71}"
EndProject
Project("{FAE04EC0-301F-11D3-BF4B-00C04F79EFBC}") = "Unity.VisualStudio.Editor", "Unity.VisualStudio.Editor.csproj", "{26DD801B-D664-BF58-2297-49A7008BFED4}"
EndProject
Project("{FAE04EC0-301F-11D3-BF4B-00C04F79EFBC}") = "Unity.Timeline.Editor", "Unity.Timeline.Editor.csproj", "{9694C43A-38B2-CFFE-3CA8-45C1E1A44D2E}"
EndProject
Project("{FAE04EC0-301F-11D3-BF4B-00C04F79EFBC}") = "Unity.VisualScripting.State.Editor", "Unity.VisualScripting.State.Editor.csproj", "{9CA18085-55CD-0603-B9D9-89AB3567CA8D}"
EndProject
Project("{FAE04EC0-301F-11D3-BF4B-00C04F79EFBC}") = "Unity.TextMeshPro.Editor", "Unity.TextMeshPro.Editor.csproj", "{5CE33AB5-610F-DE56-D334-680AC743843B}"
EndProject
Project("{FAE04EC0-301F-11D3-BF4B-00C04F79EFBC}") = "Unity.VisualScripting.SettingsProvider.Editor", "Unity.VisualScripting.SettingsProvider.Editor.csproj", "{2492F82D-3DD5-E102-D80A-5F4AB5B6AA1F}"
EndProject
Project("{FAE04EC0-301F-11D3-BF4B-00C04F79EFBC}") = "UnityEditor.TestRunner", "UnityEditor.TestRunner.csproj", "{FB53EE7A-4714-4780-8A7C-B2018077629B}"
EndProject
Project("{FAE04EC0-301F-11D3-BF4B-00C04F79EFBC}") = "Unity.TestTools.CodeCoverage.Editor", "Unity.TestTools.CodeCoverage.Editor.csproj", "{0C5DCC5F-A42E-322E-340E-70C5B8BCDCFD}"
EndProject
Project("{FAE04EC0-301F-11D3-BF4B-00C04F79EFBC}") = "Unity.Rider.Editor", "Unity.Rider.Editor.csproj", "{B4E57B44-37DA-246C-0F0D-F68EE10CAB28}"
EndProject
Project("{FAE04EC0-301F-11D3-BF4B-00C04F79EFBC}") = "Unity.Performance.Profile-Analyzer.Editor", "Unity.Performance.Profile-Analyzer.Editor.csproj", "{1453A649-4AF6-550E-8EC6-794E6EBB02E9}"
EndProject
Project("{FAE04EC0-301F-11D3-BF4B-00C04F79EFBC}") = "Unity.VSCode.Editor", "Unity.VSCode.Editor.csproj", "{EBC77588-B635-3891-8920-2875B9BAB50B}"
EndProject
Project("{FAE04EC0-301F-11D3-BF4B-00C04F79EFBC}") = "UnityEditor.UI", "UnityEditor.UI.csproj", "{A4C19741-9C4E-B543-F90C-2AE62FB64CFA}"
EndProject
Project("{FAE04EC0-301F-11D3-BF4B-00C04F79EFBC}") = "Unity.TestTools.CodeCoverage.Editor.OpenCover.Model", "Unity.TestTools.CodeCoverage.Editor.OpenCover.Model.csproj", "{AAC1C81C-188B-ECF3-AAB2-7777B6F1EB69}"
EndProject
Project("{FAE04EC0-301F-11D3-BF4B-00C04F79EFBC}") = "Unity.EditorCoroutines.Editor", "Unity.EditorCoroutines.Editor.csproj", "{B12C3595-1636-73FD-280C-062250B0E44E}"
EndProject
Project("{FAE04EC0-301F-11D3-BF4B-00C04F79EFBC}") = "Unity.Settings.Editor", "Unity.Settings.Editor.csproj", "{A522CC4B-0031-E991-290E-E736938F7FF2}"
EndProject
Project("{FAE04EC0-301F-11D3-BF4B-00C04F79EFBC}") = "Unity.CollabProxy.Editor", "Unity.CollabProxy.Editor.csproj", "{1D881136-F2C0-CA97-6F63-50C30A3B57D4}"
EndProject
Project("{FAE04EC0-301F-11D3-BF4B-00C04F79EFBC}") = "Unity.TestTools.CodeCoverage.Editor.OpenCover.Mono.Reflection", "Unity.TestTools.CodeCoverage.Editor.OpenCover.Mono.Reflection.csproj", "{BAFF6524-7A38-301A-7884-1A77078C6DB1}"
EndProject
Project("{FAE04EC0-301F-11D3-BF4B-00C04F79EFBC}") = "Unity.VisualScripting.Shared.Editor", "Unity.VisualScripting.Shared.Editor.csproj", "{DD484160-82C7-B99C-D704-8C6705C08968}"
EndProject
Project("{FAE04EC0-301F-11D3-BF4B-00C04F79EFBC}") = "com.virnect.track.editor", "com.virnect.track.editor.csproj", "{BD518F96-0E47-D8D7-AF17-29A142C834A3}"
EndProject
Project("{FAE04EC0-301F-11D3-BF4B-00C04F79EFBC}") = "UnityEngine.TestRunner", "UnityEngine.TestRunner.Player.csproj", "{82F7B080-AD25-C5A6-6A8B-DA6315AC5A83}"
EndProject
Project("{FAE04EC0-301F-11D3-BF4B-00C04F79EFBC}") = "UnityEngine.UI", "UnityEngine.UI.Player.csproj", "{CC59A2D8-9C41-723C-3B11-F7FCC09562BB}"
EndProject
Project("{FAE04EC0-301F-11D3-BF4B-00C04F79EFBC}") = "Unity.VisualScripting.Flow", "Unity.VisualScripting.Flow.Player.csproj", "{FB9B0CDB-430C-318D-46FC-E131FEB877D0}"
EndProject
Project("{FAE04EC0-301F-11D3-BF4B-00C04F79EFBC}") = "Unity.VisualScripting.State", "Unity.VisualScripting.State.Player.csproj", "{E105BA26-FAB4-72F3-AAB3-8A9CDA8B20EA}"
EndProject
Project("{FAE04EC0-301F-11D3-BF4B-00C04F79EFBC}") = "Unity.VisualScripting.Core", "Unity.VisualScripting.Core.Player.csproj", "{4583D9B8-98F1-F599-CC30-B2C17E6835E3}"
EndProject
Project("{FAE04EC0-301F-11D3-BF4B-00C04F79EFBC}") = "Unity.TextMeshPro", "Unity.TextMeshPro.Player.csproj", "{A32A9450-9FEA-7425-0F45-F167A860E66A}"
EndProject
Project("{FAE04EC0-301F-11D3-BF4B-00C04F79EFBC}") = "Unity.Timeline", "Unity.Timeline.Player.csproj", "{8BF6A754-5A35-BA84-30A4-E3EB13EB2B23}"
EndProject
Project("{FAE04EC0-301F-11D3-BF4B-00C04F79EFBC}") = "com.virnect.track", "com.virnect.track.Player.csproj", "{9E185BC7-7050-F021-9B3E-9565B5B65F5B}"
EndProject
Global
	GlobalSection(SolutionConfigurationPlatforms) = preSolution
		Debug|Any CPU = Debug|Any CPU
		Release|Any CPU = Release|Any CPU
	EndGlobalSection
	GlobalSection(ProjectConfigurationPlatforms) = postSolution
		{28C65BD6-89C1-F93E-66C0-015D2922EC08}.Debug|Any CPU.ActiveCfg = Debug|Any CPU
		{28C65BD6-89C1-F93E-66C0-015D2922EC08}.Debug|Any CPU.Build.0 = Debug|Any CPU
		{28C65BD6-89C1-F93E-66C0-015D2922EC08}.Release|Any CPU.ActiveCfg = Release|Any CPU
		{28C65BD6-89C1-F93E-66C0-015D2922EC08}.Release|Any CPU.Build.0 = Release|Any CPU
		{037E4722-275A-8383-EDFB-0AFE2D4ABAE4}.Debug|Any CPU.ActiveCfg = Debug|Any CPU
		{037E4722-275A-8383-EDFB-0AFE2D4ABAE4}.Debug|Any CPU.Build.0 = Debug|Any CPU
		{037E4722-275A-8383-EDFB-0AFE2D4ABAE4}.Release|Any CPU.ActiveCfg = Release|Any CPU
		{037E4722-275A-8383-EDFB-0AFE2D4ABAE4}.Release|Any CPU.Build.0 = Release|Any CPU
		{9CB38DBE-B502-00EE-E5C4-6853339A0658}.Debug|Any CPU.ActiveCfg = Debug|Any CPU
		{9CB38DBE-B502-00EE-E5C4-6853339A0658}.Debug|Any CPU.Build.0 = Debug|Any CPU
		{9CB38DBE-B502-00EE-E5C4-6853339A0658}.Release|Any CPU.ActiveCfg = Release|Any CPU
		{9CB38DBE-B502-00EE-E5C4-6853339A0658}.Release|Any CPU.Build.0 = Release|Any CPU
		{BB6F7C14-3122-B490-A8F3-3815BC94AE9C}.Debug|Any CPU.ActiveCfg = Debug|Any CPU
		{BB6F7C14-3122-B490-A8F3-3815BC94AE9C}.Debug|Any CPU.Build.0 = Debug|Any CPU
		{BB6F7C14-3122-B490-A8F3-3815BC94AE9C}.Release|Any CPU.ActiveCfg = Release|Any CPU
		{BB6F7C14-3122-B490-A8F3-3815BC94AE9C}.Release|Any CPU.Build.0 = Release|Any CPU
		{2B0315F9-E943-AFF9-83D7-8CE2BE9A62AF}.Debug|Any CPU.ActiveCfg = Debug|Any CPU
		{2B0315F9-E943-AFF9-83D7-8CE2BE9A62AF}.Debug|Any CPU.Build.0 = Debug|Any CPU
		{2B0315F9-E943-AFF9-83D7-8CE2BE9A62AF}.Release|Any CPU.ActiveCfg = Release|Any CPU
		{2B0315F9-E943-AFF9-83D7-8CE2BE9A62AF}.Release|Any CPU.Build.0 = Release|Any CPU
		{07972786-71DB-169E-266B-7A8F368B743C}.Debug|Any CPU.ActiveCfg = Debug|Any CPU
		{07972786-71DB-169E-266B-7A8F368B743C}.Debug|Any CPU.Build.0 = Debug|Any CPU
		{07972786-71DB-169E-266B-7A8F368B743C}.Release|Any CPU.ActiveCfg = Release|Any CPU
		{07972786-71DB-169E-266B-7A8F368B743C}.Release|Any CPU.Build.0 = Release|Any CPU
		{623B94AA-BA05-B2D7-8F8D-AD22F238345E}.Debug|Any CPU.ActiveCfg = Debug|Any CPU
		{623B94AA-BA05-B2D7-8F8D-AD22F238345E}.Debug|Any CPU.Build.0 = Debug|Any CPU
		{623B94AA-BA05-B2D7-8F8D-AD22F238345E}.Release|Any CPU.ActiveCfg = Release|Any CPU
		{623B94AA-BA05-B2D7-8F8D-AD22F238345E}.Release|Any CPU.Build.0 = Release|Any CPU
		{C4293EAB-E655-A3DA-5C4A-7FEFDA77F99C}.Debug|Any CPU.ActiveCfg = Debug|Any CPU
		{C4293EAB-E655-A3DA-5C4A-7FEFDA77F99C}.Debug|Any CPU.Build.0 = Debug|Any CPU
		{C4293EAB-E655-A3DA-5C4A-7FEFDA77F99C}.Release|Any CPU.ActiveCfg = Release|Any CPU
		{C4293EAB-E655-A3DA-5C4A-7FEFDA77F99C}.Release|Any CPU.Build.0 = Release|Any CPU
		{7EAC1213-4B87-8451-6F56-73447E4943D0}.Debug|Any CPU.ActiveCfg = Debug|Any CPU
		{7EAC1213-4B87-8451-6F56-73447E4943D0}.Debug|Any CPU.Build.0 = Debug|Any CPU
		{7EAC1213-4B87-8451-6F56-73447E4943D0}.Release|Any CPU.ActiveCfg = Release|Any CPU
		{7EAC1213-4B87-8451-6F56-73447E4943D0}.Release|Any CPU.Build.0 = Release|Any CPU
		{95C0A920-3A71-3110-54F9-E7508E1E3489}.Debug|Any CPU.ActiveCfg = Debug|Any CPU
		{95C0A920-3A71-3110-54F9-E7508E1E3489}.Debug|Any CPU.Build.0 = Debug|Any CPU
		{95C0A920-3A71-3110-54F9-E7508E1E3489}.Release|Any CPU.ActiveCfg = Release|Any CPU
		{95C0A920-3A71-3110-54F9-E7508E1E3489}.Release|Any CPU.Build.0 = Release|Any CPU
		{E4AF5111-4141-B46D-0EBE-350FED774E71}.Debug|Any CPU.ActiveCfg = Debug|Any CPU
		{E4AF5111-4141-B46D-0EBE-350FED774E71}.Debug|Any CPU.Build.0 = Debug|Any CPU
		{E4AF5111-4141-B46D-0EBE-350FED774E71}.Release|Any CPU.ActiveCfg = Release|Any CPU
		{E4AF5111-4141-B46D-0EBE-350FED774E71}.Release|Any CPU.Build.0 = Release|Any CPU
		{26DD801B-D664-BF58-2297-49A7008BFED4}.Debug|Any CPU.ActiveCfg = Debug|Any CPU
		{26DD801B-D664-BF58-2297-49A7008BFED4}.Debug|Any CPU.Build.0 = Debug|Any CPU
		{26DD801B-D664-BF58-2297-49A7008BFED4}.Release|Any CPU.ActiveCfg = Release|Any CPU
		{26DD801B-D664-BF58-2297-49A7008BFED4}.Release|Any CPU.Build.0 = Release|Any CPU
		{9694C43A-38B2-CFFE-3CA8-45C1E1A44D2E}.Debug|Any CPU.ActiveCfg = Debug|Any CPU
		{9694C43A-38B2-CFFE-3CA8-45C1E1A44D2E}.Debug|Any CPU.Build.0 = Debug|Any CPU
		{9694C43A-38B2-CFFE-3CA8-45C1E1A44D2E}.Release|Any CPU.ActiveCfg = Release|Any CPU
		{9694C43A-38B2-CFFE-3CA8-45C1E1A44D2E}.Release|Any CPU.Build.0 = Release|Any CPU
		{9CA18085-55CD-0603-B9D9-89AB3567CA8D}.Debug|Any CPU.ActiveCfg = Debug|Any CPU
		{9CA18085-55CD-0603-B9D9-89AB3567CA8D}.Debug|Any CPU.Build.0 = Debug|Any CPU
		{9CA18085-55CD-0603-B9D9-89AB3567CA8D}.Release|Any CPU.ActiveCfg = Release|Any CPU
		{9CA18085-55CD-0603-B9D9-89AB3567CA8D}.Release|Any CPU.Build.0 = Release|Any CPU
		{5CE33AB5-610F-DE56-D334-680AC743843B}.Debug|Any CPU.ActiveCfg = Debug|Any CPU
		{5CE33AB5-610F-DE56-D334-680AC743843B}.Debug|Any CPU.Build.0 = Debug|Any CPU
		{5CE33AB5-610F-DE56-D334-680AC743843B}.Release|Any CPU.ActiveCfg = Release|Any CPU
		{5CE33AB5-610F-DE56-D334-680AC743843B}.Release|Any CPU.Build.0 = Release|Any CPU
		{2492F82D-3DD5-E102-D80A-5F4AB5B6AA1F}.Debug|Any CPU.ActiveCfg = Debug|Any CPU
		{2492F82D-3DD5-E102-D80A-5F4AB5B6AA1F}.Debug|Any CPU.Build.0 = Debug|Any CPU
		{2492F82D-3DD5-E102-D80A-5F4AB5B6AA1F}.Release|Any CPU.ActiveCfg = Release|Any CPU
		{2492F82D-3DD5-E102-D80A-5F4AB5B6AA1F}.Release|Any CPU.Build.0 = Release|Any CPU
		{FB53EE7A-4714-4780-8A7C-B2018077629B}.Debug|Any CPU.ActiveCfg = Debug|Any CPU
		{FB53EE7A-4714-4780-8A7C-B2018077629B}.Debug|Any CPU.Build.0 = Debug|Any CPU
		{FB53EE7A-4714-4780-8A7C-B2018077629B}.Release|Any CPU.ActiveCfg = Release|Any CPU
		{FB53EE7A-4714-4780-8A7C-B2018077629B}.Release|Any CPU.Build.0 = Release|Any CPU
		{0C5DCC5F-A42E-322E-340E-70C5B8BCDCFD}.Debug|Any CPU.ActiveCfg = Debug|Any CPU
		{0C5DCC5F-A42E-322E-340E-70C5B8BCDCFD}.Debug|Any CPU.Build.0 = Debug|Any CPU
		{0C5DCC5F-A42E-322E-340E-70C5B8BCDCFD}.Release|Any CPU.ActiveCfg = Release|Any CPU
		{0C5DCC5F-A42E-322E-340E-70C5B8BCDCFD}.Release|Any CPU.Build.0 = Release|Any CPU
		{B4E57B44-37DA-246C-0F0D-F68EE10CAB28}.Debug|Any CPU.ActiveCfg = Debug|Any CPU
		{B4E57B44-37DA-246C-0F0D-F68EE10CAB28}.Debug|Any CPU.Build.0 = Debug|Any CPU
		{B4E57B44-37DA-246C-0F0D-F68EE10CAB28}.Release|Any CPU.ActiveCfg = Release|Any CPU
		{B4E57B44-37DA-246C-0F0D-F68EE10CAB28}.Release|Any CPU.Build.0 = Release|Any CPU
		{1453A649-4AF6-550E-8EC6-794E6EBB02E9}.Debug|Any CPU.ActiveCfg = Debug|Any CPU
		{1453A649-4AF6-550E-8EC6-794E6EBB02E9}.Debug|Any CPU.Build.0 = Debug|Any CPU
		{1453A649-4AF6-550E-8EC6-794E6EBB02E9}.Release|Any CPU.ActiveCfg = Release|Any CPU
		{1453A649-4AF6-550E-8EC6-794E6EBB02E9}.Release|Any CPU.Build.0 = Release|Any CPU
		{EBC77588-B635-3891-8920-2875B9BAB50B}.Debug|Any CPU.ActiveCfg = Debug|Any CPU
		{EBC77588-B635-3891-8920-2875B9BAB50B}.Debug|Any CPU.Build.0 = Debug|Any CPU
		{EBC77588-B635-3891-8920-2875B9BAB50B}.Release|Any CPU.ActiveCfg = Release|Any CPU
		{EBC77588-B635-3891-8920-2875B9BAB50B}.Release|Any CPU.Build.0 = Release|Any CPU
		{A4C19741-9C4E-B543-F90C-2AE62FB64CFA}.Debug|Any CPU.ActiveCfg = Debug|Any CPU
		{A4C19741-9C4E-B543-F90C-2AE62FB64CFA}.Debug|Any CPU.Build.0 = Debug|Any CPU
		{A4C19741-9C4E-B543-F90C-2AE62FB64CFA}.Release|Any CPU.ActiveCfg = Release|Any CPU
		{A4C19741-9C4E-B543-F90C-2AE62FB64CFA}.Release|Any CPU.Build.0 = Release|Any CPU
		{AAC1C81C-188B-ECF3-AAB2-7777B6F1EB69}.Debug|Any CPU.ActiveCfg = Debug|Any CPU
		{AAC1C81C-188B-ECF3-AAB2-7777B6F1EB69}.Debug|Any CPU.Build.0 = Debug|Any CPU
		{AAC1C81C-188B-ECF3-AAB2-7777B6F1EB69}.Release|Any CPU.ActiveCfg = Release|Any CPU
		{AAC1C81C-188B-ECF3-AAB2-7777B6F1EB69}.Release|Any CPU.Build.0 = Release|Any CPU
		{B12C3595-1636-73FD-280C-062250B0E44E}.Debug|Any CPU.ActiveCfg = Debug|Any CPU
		{B12C3595-1636-73FD-280C-062250B0E44E}.Debug|Any CPU.Build.0 = Debug|Any CPU
		{B12C3595-1636-73FD-280C-062250B0E44E}.Release|Any CPU.ActiveCfg = Release|Any CPU
		{B12C3595-1636-73FD-280C-062250B0E44E}.Release|Any CPU.Build.0 = Release|Any CPU
		{A522CC4B-0031-E991-290E-E736938F7FF2}.Debug|Any CPU.ActiveCfg = Debug|Any CPU
		{A522CC4B-0031-E991-290E-E736938F7FF2}.Debug|Any CPU.Build.0 = Debug|Any CPU
		{A522CC4B-0031-E991-290E-E736938F7FF2}.Release|Any CPU.ActiveCfg = Release|Any CPU
		{A522CC4B-0031-E991-290E-E736938F7FF2}.Release|Any CPU.Build.0 = Release|Any CPU
		{1D881136-F2C0-CA97-6F63-50C30A3B57D4}.Debug|Any CPU.ActiveCfg = Debug|Any CPU
		{1D881136-F2C0-CA97-6F63-50C30A3B57D4}.Debug|Any CPU.Build.0 = Debug|Any CPU
		{1D881136-F2C0-CA97-6F63-50C30A3B57D4}.Release|Any CPU.ActiveCfg = Release|Any CPU
		{1D881136-F2C0-CA97-6F63-50C30A3B57D4}.Release|Any CPU.Build.0 = Release|Any CPU
		{BAFF6524-7A38-301A-7884-1A77078C6DB1}.Debug|Any CPU.ActiveCfg = Debug|Any CPU
		{BAFF6524-7A38-301A-7884-1A77078C6DB1}.Debug|Any CPU.Build.0 = Debug|Any CPU
		{BAFF6524-7A38-301A-7884-1A77078C6DB1}.Release|Any CPU.ActiveCfg = Release|Any CPU
		{BAFF6524-7A38-301A-7884-1A77078C6DB1}.Release|Any CPU.Build.0 = Release|Any CPU
		{DD484160-82C7-B99C-D704-8C6705C08968}.Debug|Any CPU.ActiveCfg = Debug|Any CPU
		{DD484160-82C7-B99C-D704-8C6705C08968}.Debug|Any CPU.Build.0 = Debug|Any CPU
		{DD484160-82C7-B99C-D704-8C6705C08968}.Release|Any CPU.ActiveCfg = Release|Any CPU
		{DD484160-82C7-B99C-D704-8C6705C08968}.Release|Any CPU.Build.0 = Release|Any CPU
		{BD518F96-0E47-D8D7-AF17-29A142C834A3}.Debug|Any CPU.ActiveCfg = Debug|Any CPU
		{BD518F96-0E47-D8D7-AF17-29A142C834A3}.Debug|Any CPU.Build.0 = Debug|Any CPU
		{BD518F96-0E47-D8D7-AF17-29A142C834A3}.Release|Any CPU.ActiveCfg = Release|Any CPU
		{BD518F96-0E47-D8D7-AF17-29A142C834A3}.Release|Any CPU.Build.0 = Release|Any CPU
		{82F7B080-AD25-C5A6-6A8B-DA6315AC5A83}.Debug|Any CPU.ActiveCfg = Debug|Any CPU
		{82F7B080-AD25-C5A6-6A8B-DA6315AC5A83}.Debug|Any CPU.Build.0 = Debug|Any CPU
		{82F7B080-AD25-C5A6-6A8B-DA6315AC5A83}.Release|Any CPU.ActiveCfg = Release|Any CPU
		{82F7B080-AD25-C5A6-6A8B-DA6315AC5A83}.Release|Any CPU.Build.0 = Release|Any CPU
		{CC59A2D8-9C41-723C-3B11-F7FCC09562BB}.Debug|Any CPU.ActiveCfg = Debug|Any CPU
		{CC59A2D8-9C41-723C-3B11-F7FCC09562BB}.Debug|Any CPU.Build.0 = Debug|Any CPU
		{CC59A2D8-9C41-723C-3B11-F7FCC09562BB}.Release|Any CPU.ActiveCfg = Release|Any CPU
		{CC59A2D8-9C41-723C-3B11-F7FCC09562BB}.Release|Any CPU.Build.0 = Release|Any CPU
		{FB9B0CDB-430C-318D-46FC-E131FEB877D0}.Debug|Any CPU.ActiveCfg = Debug|Any CPU
		{FB9B0CDB-430C-318D-46FC-E131FEB877D0}.Debug|Any CPU.Build.0 = Debug|Any CPU
		{FB9B0CDB-430C-318D-46FC-E131FEB877D0}.Release|Any CPU.ActiveCfg = Release|Any CPU
		{FB9B0CDB-430C-318D-46FC-E131FEB877D0}.Release|Any CPU.Build.0 = Release|Any CPU
		{E105BA26-FAB4-72F3-AAB3-8A9CDA8B20EA}.Debug|Any CPU.ActiveCfg = Debug|Any CPU
		{E105BA26-FAB4-72F3-AAB3-8A9CDA8B20EA}.Debug|Any CPU.Build.0 = Debug|Any CPU
		{E105BA26-FAB4-72F3-AAB3-8A9CDA8B20EA}.Release|Any CPU.ActiveCfg = Release|Any CPU
		{E105BA26-FAB4-72F3-AAB3-8A9CDA8B20EA}.Release|Any CPU.Build.0 = Release|Any CPU
		{4583D9B8-98F1-F599-CC30-B2C17E6835E3}.Debug|Any CPU.ActiveCfg = Debug|Any CPU
		{4583D9B8-98F1-F599-CC30-B2C17E6835E3}.Debug|Any CPU.Build.0 = Debug|Any CPU
		{4583D9B8-98F1-F599-CC30-B2C17E6835E3}.Release|Any CPU.ActiveCfg = Release|Any CPU
		{4583D9B8-98F1-F599-CC30-B2C17E6835E3}.Release|Any CPU.Build.0 = Release|Any CPU
		{A32A9450-9FEA-7425-0F45-F167A860E66A}.Debug|Any CPU.ActiveCfg = Debug|Any CPU
		{A32A9450-9FEA-7425-0F45-F167A860E66A}.Debug|Any CPU.Build.0 = Debug|Any CPU
		{A32A9450-9FEA-7425-0F45-F167A860E66A}.Release|Any CPU.ActiveCfg = Release|Any CPU
		{A32A9450-9FEA-7425-0F45-F167A860E66A}.Release|Any CPU.Build.0 = Release|Any CPU
		{8BF6A754-5A35-BA84-30A4-E3EB13EB2B23}.Debug|Any CPU.ActiveCfg = Debug|Any CPU
		{8BF6A754-5A35-BA84-30A4-E3EB13EB2B23}.Debug|Any CPU.Build.0 = Debug|Any CPU
		{8BF6A754-5A35-BA84-30A4-E3EB13EB2B23}.Release|Any CPU.ActiveCfg = Release|Any CPU
		{8BF6A754-5A35-BA84-30A4-E3EB13EB2B23}.Release|Any CPU.Build.0 = Release|Any CPU
		{9E185BC7-7050-F021-9B3E-9565B5B65F5B}.Debug|Any CPU.ActiveCfg = Debug|Any CPU
		{9E185BC7-7050-F021-9B3E-9565B5B65F5B}.Debug|Any CPU.Build.0 = Debug|Any CPU
		{9E185BC7-7050-F021-9B3E-9565B5B65F5B}.Release|Any CPU.ActiveCfg = Release|Any CPU
		{9E185BC7-7050-F021-9B3E-9565B5B65F5B}.Release|Any CPU.Build.0 = Release|Any CPU
	EndGlobalSection
	GlobalSection(SolutionProperties) = preSolution
		HideSolutionNode = FALSE
	EndGlobalSection
EndGlobal
